
Microsoft Visual Studio Solution File, Format Version 12.00
# Visual Studio Version 17
VisualStudioVersion = 17.0.31903.59
MinimumVisualStudioVersion = 10.0.40219.1
Project("{FAE04EC0-301F-11D3-BF4B-00C04F79EFBC}") = "Benchmark", "Benchmark\Benchmark.csproj", "{3B0DCC3F-3BB4-4112-9631-6A01828696A3}"
EndProject
Project("{FAE04EC0-301F-11D3-BF4B-00C04F79EFBC}") = "Tests", "Tests\Tests.csproj", "{C3C5B438-ABD9-4B32-A594-33698D416AD9}"
EndProject
Global
	GlobalSection(SolutionConfigurationPlatforms) = preSolution
		Debug|Any CPU = Debug|Any CPU
		Release|Any CPU = Release|Any CPU
	EndGlobalSection
	GlobalSection(SolutionProperties) = preSolution
		HideSolutionNode = FALSE
	EndGlobalSection
	GlobalSection(ProjectConfigurationPlatforms) = postSolution
		{3B0DCC3F-3BB4-4112-9631-6A01828696A3}.Debug|Any CPU.ActiveCfg = Debug|Any CPU
		{3B0DCC3F-3BB4-4112-9631-6A01828696A3}.Debug|Any CPU.Build.0 = Debug|Any CPU
		{3B0DCC3F-3BB4-4112-9631-6A01828696A3}.Release|Any CPU.ActiveCfg = Release|Any CPU
		{3B0DCC3F-3BB4-4112-9631-6A01828696A3}.Release|Any CPU.Build.0 = Release|Any CPU
		{C3C5B438-ABD9-4B32-A594-33698D416AD9}.Debug|Any CPU.ActiveCfg = Debug|Any CPU
		{C3C5B438-ABD9-4B32-A594-33698D416AD9}.Debug|Any CPU.Build.0 = Debug|Any CPU
		{C3C5B438-ABD9-4B32-A594-33698D416AD9}.Release|Any CPU.ActiveCfg = Release|Any CPU
		{C3C5B438-ABD9-4B32-A594-33698D416AD9}.Release|Any CPU.Build.0 = Release|Any CPU
	EndGlobalSection
EndGlobal
